
Microsoft Visual Studio Solution File, Format Version 12.00
# Visual Studio Version 17
VisualStudioVersion = 17.9.34622.214
MinimumVisualStudioVersion = 10.0.40219.1
Project("{FAE04EC0-301F-11D3-BF4B-00C04F79EFBC}") = "Practica3-Fierro2", "Practica3-Fierro2.csproj", "{CEA442C2-BC01-483A-A93A-463FDEB4A9DB}"
EndProject
Global
	GlobalSection(SolutionConfigurationPlatforms) = preSolution
		Debug|Any CPU = Debug|Any CPU
		Release|Any CPU = Release|Any CPU
	EndGlobalSection
	GlobalSection(ProjectConfigurationPlatforms) = postSolution
		{CEA442C2-BC01-483A-A93A-463FDEB4A9DB}.Debug|Any CPU.ActiveCfg = Debug|Any CPU
		{CEA442C2-BC01-483A-A93A-463FDEB4A9DB}.Debug|Any CPU.Build.0 = Debug|Any CPU
		{CEA442C2-BC01-483A-A93A-463FDEB4A9DB}.Release|Any CPU.ActiveCfg = Release|Any CPU
		{CEA442C2-BC01-483A-A93A-463FDEB4A9DB}.Release|Any CPU.Build.0 = Release|Any CPU
	EndGlobalSection
	GlobalSection(SolutionProperties) = preSolution
		HideSolutionNode = FALSE
	EndGlobalSection
	GlobalSection(ExtensibilityGlobals) = postSolution
		SolutionGuid = {38803FBD-1CEB-4233-8F83-B5491966B85A}
	EndGlobalSection
EndGlobal
